
Microsoft Visual Studio Solution File, Format Version 12.00
# Visual Studio Version 17
VisualStudioVersion = 17.7.34031.279
MinimumVisualStudioVersion = 10.0.40219.1
Project("{FAE04EC0-301F-11D3-BF4B-00C04F79EFBC}") = "Introduction", "Introduction\Introduction.csproj", "{1B870EC5-EA7C-4AB8-A719-132F7414E227}"
EndProject
Project("{FAE04EC0-301F-11D3-BF4B-00C04F79EFBC}") = "DataTypes", "DataTypes\DataTypes.csproj", "{DDD0DF02-EB84-43FF-8E38-FAFF9554DFE8}"
EndProject
Global
	GlobalSection(SolutionConfigurationPlatforms) = preSolution
		Debug|Any CPU = Debug|Any CPU
		Release|Any CPU = Release|Any CPU
	EndGlobalSection
	GlobalSection(ProjectConfigurationPlatforms) = postSolution
		{1B870EC5-EA7C-4AB8-A719-132F7414E227}.Debug|Any CPU.ActiveCfg = Debug|Any CPU
		{1B870EC5-EA7C-4AB8-A719-132F7414E227}.Debug|Any CPU.Build.0 = Debug|Any CPU
		{1B870EC5-EA7C-4AB8-A719-132F7414E227}.Release|Any CPU.ActiveCfg = Release|Any CPU
		{1B870EC5-EA7C-4AB8-A719-132F7414E227}.Release|Any CPU.Build.0 = Release|Any CPU
		{DDD0DF02-EB84-43FF-8E38-FAFF9554DFE8}.Debug|Any CPU.ActiveCfg = Debug|Any CPU
		{DDD0DF02-EB84-43FF-8E38-FAFF9554DFE8}.Debug|Any CPU.Build.0 = Debug|Any CPU
		{DDD0DF02-EB84-43FF-8E38-FAFF9554DFE8}.Release|Any CPU.ActiveCfg = Release|Any CPU
		{DDD0DF02-EB84-43FF-8E38-FAFF9554DFE8}.Release|Any CPU.Build.0 = Release|Any CPU
	EndGlobalSection
	GlobalSection(SolutionProperties) = preSolution
		HideSolutionNode = FALSE
	EndGlobalSection
	GlobalSection(ExtensibilityGlobals) = postSolution
		SolutionGuid = {D9C322C4-6B3C-4FAA-AA2E-8F8112F32612}
	EndGlobalSection
EndGlobal
