
Microsoft Visual Studio Solution File, Format Version 12.00
# Visual Studio Version 17
VisualStudioVersion = 17.7.34031.279
MinimumVisualStudioVersion = 10.0.40219.1
Project("{FAE04EC0-301F-11D3-BF4B-00C04F79EFBC}") = "Introduction", "Introduction\Introduction.csproj", "{1B870EC5-EA7C-4AB8-A719-132F7414E227}"
EndProject
Project("{FAE04EC0-301F-11D3-BF4B-00C04F79EFBC}") = "DataTypes", "DataTypes\DataTypes.csproj", "{DDD0DF02-EB84-43FF-8E38-FAFF9554DFE8}"
EndProject
Project("{FAE04EC0-301F-11D3-BF4B-00C04F79EFBC}") = "Calc", "Calc\Calc.csproj", "{7CDF5DDA-23E5-436E-BD91-6CEB9A08EE20}"
EndProject
Project("{FAE04EC0-301F-11D3-BF4B-00C04F79EFBC}") = "Arrays", "Arrays\Arrays.csproj", "{959113C7-16BC-4A31-A619-AEF2FDB5D061}"
EndProject
Project("{FAE04EC0-301F-11D3-BF4B-00C04F79EFBC}") = "Enumerations", "Enumerations\Enumerations.csproj", "{A60B3E10-2B49-4E9A-9C0F-A8F5D1E1F694}"
EndProject
Project("{FAE04EC0-301F-11D3-BF4B-00C04F79EFBC}") = "TransferParameters", "TransferParameters\TransferParameters.csproj", "{04B0FBC6-F403-4A97-8522-AE061F1BFB14}"
EndProject
Global
	GlobalSection(SolutionConfigurationPlatforms) = preSolution
		Debug|Any CPU = Debug|Any CPU
		Release|Any CPU = Release|Any CPU
	EndGlobalSection
	GlobalSection(ProjectConfigurationPlatforms) = postSolution
		{1B870EC5-EA7C-4AB8-A719-132F7414E227}.Debug|Any CPU.ActiveCfg = Debug|Any CPU
		{1B870EC5-EA7C-4AB8-A719-132F7414E227}.Debug|Any CPU.Build.0 = Debug|Any CPU
		{1B870EC5-EA7C-4AB8-A719-132F7414E227}.Release|Any CPU.ActiveCfg = Release|Any CPU
		{1B870EC5-EA7C-4AB8-A719-132F7414E227}.Release|Any CPU.Build.0 = Release|Any CPU
		{DDD0DF02-EB84-43FF-8E38-FAFF9554DFE8}.Debug|Any CPU.ActiveCfg = Debug|Any CPU
		{DDD0DF02-EB84-43FF-8E38-FAFF9554DFE8}.Debug|Any CPU.Build.0 = Debug|Any CPU
		{DDD0DF02-EB84-43FF-8E38-FAFF9554DFE8}.Release|Any CPU.ActiveCfg = Release|Any CPU
		{DDD0DF02-EB84-43FF-8E38-FAFF9554DFE8}.Release|Any CPU.Build.0 = Release|Any CPU
		{7CDF5DDA-23E5-436E-BD91-6CEB9A08EE20}.Debug|Any CPU.ActiveCfg = Debug|Any CPU
		{7CDF5DDA-23E5-436E-BD91-6CEB9A08EE20}.Debug|Any CPU.Build.0 = Debug|Any CPU
		{7CDF5DDA-23E5-436E-BD91-6CEB9A08EE20}.Release|Any CPU.ActiveCfg = Release|Any CPU
		{7CDF5DDA-23E5-436E-BD91-6CEB9A08EE20}.Release|Any CPU.Build.0 = Release|Any CPU
		{959113C7-16BC-4A31-A619-AEF2FDB5D061}.Debug|Any CPU.ActiveCfg = Debug|Any CPU
		{959113C7-16BC-4A31-A619-AEF2FDB5D061}.Debug|Any CPU.Build.0 = Debug|Any CPU
		{959113C7-16BC-4A31-A619-AEF2FDB5D061}.Release|Any CPU.ActiveCfg = Release|Any CPU
		{959113C7-16BC-4A31-A619-AEF2FDB5D061}.Release|Any CPU.Build.0 = Release|Any CPU
		{A60B3E10-2B49-4E9A-9C0F-A8F5D1E1F694}.Debug|Any CPU.ActiveCfg = Debug|Any CPU
		{A60B3E10-2B49-4E9A-9C0F-A8F5D1E1F694}.Debug|Any CPU.Build.0 = Debug|Any CPU
		{A60B3E10-2B49-4E9A-9C0F-A8F5D1E1F694}.Release|Any CPU.ActiveCfg = Release|Any CPU
		{A60B3E10-2B49-4E9A-9C0F-A8F5D1E1F694}.Release|Any CPU.Build.0 = Release|Any CPU
		{04B0FBC6-F403-4A97-8522-AE061F1BFB14}.Debug|Any CPU.ActiveCfg = Debug|Any CPU
		{04B0FBC6-F403-4A97-8522-AE061F1BFB14}.Debug|Any CPU.Build.0 = Debug|Any CPU
		{04B0FBC6-F403-4A97-8522-AE061F1BFB14}.Release|Any CPU.ActiveCfg = Release|Any CPU
		{04B0FBC6-F403-4A97-8522-AE061F1BFB14}.Release|Any CPU.Build.0 = Release|Any CPU
	EndGlobalSection
	GlobalSection(SolutionProperties) = preSolution
		HideSolutionNode = FALSE
	EndGlobalSection
	GlobalSection(ExtensibilityGlobals) = postSolution
		SolutionGuid = {D9C322C4-6B3C-4FAA-AA2E-8F8112F32612}
	EndGlobalSection
EndGlobal
